
Microsoft Visual Studio Solution File, Format Version 12.00
# Visual Studio Version 17
VisualStudioVersion = 17.10.35122.118
MinimumVisualStudioVersion = 10.0.40219.1
Project("{FAE04EC0-301F-11D3-BF4B-00C04F79EFBC}") = "StudentPortal", "StudentPortal\StudentPortal.csproj", "{4475CCDE-0914-432A-980A-AE2B5A574E55}"
EndProject
Global
	GlobalSection(SolutionConfigurationPlatforms) = preSolution
		Debug|Any CPU = Debug|Any CPU
		Release|Any CPU = Release|Any CPU
	EndGlobalSection
	GlobalSection(ProjectConfigurationPlatforms) = postSolution
		{4475CCDE-0914-432A-980A-AE2B5A574E55}.Debug|Any CPU.ActiveCfg = Debug|Any CPU
		{4475CCDE-0914-432A-980A-AE2B5A574E55}.Debug|Any CPU.Build.0 = Debug|Any CPU
		{4475CCDE-0914-432A-980A-AE2B5A574E55}.Release|Any CPU.ActiveCfg = Release|Any CPU
		{4475CCDE-0914-432A-980A-AE2B5A574E55}.Release|Any CPU.Build.0 = Release|Any CPU
	EndGlobalSection
	GlobalSection(SolutionProperties) = preSolution
		HideSolutionNode = FALSE
	EndGlobalSection
	GlobalSection(ExtensibilityGlobals) = postSolution
		SolutionGuid = {485BED83-528E-4E60-9D86-7A13AF752A8B}
	EndGlobalSection
EndGlobal
